
Microsoft Visual Studio Solution File, Format Version 12.00
# Visual Studio Version 17
VisualStudioVersion = 17.6.33829.357
MinimumVisualStudioVersion = 10.0.40219.1
Project("{FAE04EC0-301F-11D3-BF4B-00C04F79EFBC}") = "Account Registration", "Account Registration\Account Registration.csproj", "{B9B806D2-840C-466D-80F6-EABC4C0012F2}"
EndProject
Global
	GlobalSection(SolutionConfigurationPlatforms) = preSolution
		Debug|Any CPU = Debug|Any CPU
		Release|Any CPU = Release|Any CPU
	EndGlobalSection
	GlobalSection(ProjectConfigurationPlatforms) = postSolution
		{B9B806D2-840C-466D-80F6-EABC4C0012F2}.Debug|Any CPU.ActiveCfg = Debug|Any CPU
		{B9B806D2-840C-466D-80F6-EABC4C0012F2}.Debug|Any CPU.Build.0 = Debug|Any CPU
		{B9B806D2-840C-466D-80F6-EABC4C0012F2}.Release|Any CPU.ActiveCfg = Release|Any CPU
		{B9B806D2-840C-466D-80F6-EABC4C0012F2}.Release|Any CPU.Build.0 = Release|Any CPU
	EndGlobalSection
	GlobalSection(SolutionProperties) = preSolution
		HideSolutionNode = FALSE
	EndGlobalSection
	GlobalSection(ExtensibilityGlobals) = postSolution
		SolutionGuid = {21013634-FF71-4196-9D35-E6D2DA08259E}
	EndGlobalSection
EndGlobal
